// !$*UTF8*$!
{
	archiveVersion = 1;
	classes = {
	};
	objectVersion = 46;
	objects = {

/* Begin PBXBuildFile section */
		C79C2E5F1D4944E0009D5349 /* AppDelegate.swift in Sources */ = {isa = PBXBuildFile; fileRef = C79C2E5E1D4944E0009D5349 /* AppDelegate.swift */; };
		C79C2E611D4944E0009D5349 /* ViewController.swift in Sources */ = {isa = PBXBuildFile; fileRef = C79C2E601D4944E0009D5349 /* ViewController.swift */; };
		C79C2E641D4944E0009D5349 /* Main.storyboard in Resources */ = {isa = PBXBuildFile; fileRef = C79C2E621D4944E0009D5349 /* Main.storyboard */; };
		C79C2E661D4944E0009D5349 /* Assets.xcassets in Resources */ = {isa = PBXBuildFile; fileRef = C79C2E651D4944E0009D5349 /* Assets.xcassets */; };
		C79C2E691D4944E0009D5349 /* LaunchScreen.storyboard in Resources */ = {isa = PBXBuildFile; fileRef = C79C2E671D4944E0009D5349 /* LaunchScreen.storyboard */; };
		C7BC777F1D4A986400A099D6 /* CalculatorBrain.swift in Sources */ = {isa = PBXBuildFile; fileRef = C7BC777E1D4A986400A099D6 /* CalculatorBrain.swift */; };
/* End PBXBuildFile section */

/* Begin PBXFileReference section */
		C79C2E5B1D4944E0009D5349 /* MyCalCulator.app */ = {isa = PBXFileReference; explicitFileType = wrapper.application; includeInIndex = 0; path = MyCalCulator.app; sourceTree = BUILT_PRODUCTS_DIR; };
		C79C2E5E1D4944E0009D5349 /* AppDelegate.swift */ = {isa = PBXFileReference; lastKnownFileType = sourcecode.swift; path = AppDelegate.swift; sourceTree = "<group>"; };
		C79C2E601D4944E0009D5349 /* ViewController.swift */ = {isa = PBXFileReference; lastKnownFileType = sourcecode.swift; path = ViewController.swift; sourceTree = "<group>"; };
		C79C2E631D4944E0009D5349 /* Base */ = {isa = PBXFileReference; lastKnownFileType = file.storyboard; name = Base; path = Base.lproj/Main.storyboard; sourceTree = "<group>"; };
		C79C2E651D4944E0009D5349 /* Assets.xcassets */ = {isa = PBXFileReference; lastKnownFileType = folder.assetcatalog; path = Assets.xcassets; sourceTree = "<group>"; };
		C79C2E681D4944E0009D5349 /* Base */ = {isa = PBXFileReference; lastKnownFileType = file.storyboard; name = Base; path = Base.lproj/LaunchScreen.storyboard; sourceTree = "<group>"; };
		C79C2E6A1D4944E0009D5349 /* Info.plist */ = {isa = PBXFileReference; lastKnownFileType = text.plist.xml; path = Info.plist; sourceTree = "<group>"; };
		C7BC777E1D4A986400A099D6 /* CalculatorBrain.swift */ = {isa = PBXFileReference; fileEncoding = 4; lastKnownFileType = sourcecode.swift; path = CalculatorBrain.swift; sourceTree = "<group>"; };
/* End PBXFileReference section */

/* Begin PBXFrameworksBuildPhase section */
		C79C2E581D4944E0009D5349 /* Frameworks */ = {
			isa = PBXFrameworksBuildPhase;
			buildActionMask = 2147483647;
			files = (
			);
			runOnlyForDeploymentPostprocessing = 0;
		};
/* End PBXFrameworksBuildPhase section */

/* Begin PBXGroup section */
		C79C2E521D4944E0009D5349 = {
			isa = PBXGroup;
			children = (
				C79C2E5D1D4944E0009D5349 /* MyCalCulator */,
				C79C2E5C1D4944E0009D5349 /* Products */,
			);
			sourceTree = "<group>";
		};
		C79C2E5C1D4944E0009D5349 /* Products */ = {
			isa = PBXGroup;
			children = (
				C79C2E5B1D4944E0009D5349 /* MyCalCulator.app */,
			);
			name = Products;
			sourceTree = "<group>";
		};
		C79C2E5D1D4944E0009D5349 /* MyCalCulator */ = {
			isa = PBXGroup;
			children = (
				C7BC777E1D4A986400A099D6 /* CalculatorBrain.swift */,
				C79C2E5E1D4944E0009D5349 /* AppDelegate.swift */,
				C79C2E601D4944E0009D5349 /* ViewController.swift */,
				C79C2E621D4944E0009D5349 /* Main.storyboard */,
				C79C2E651D4944E0009D5349 /* Assets.xcassets */,
				C79C2E671D4944E0009D5349 /* LaunchScreen.storyboard */,
				C79C2E6A1D4944E0009D5349 /* Info.plist */,
			);
			path = MyCalCulator;
			sourceTree = "<group>";
		};
/* End PBXGroup section */

/* Begin PBXNativeTarget section */
		C79C2E5A1D4944E0009D5349 /* MyCalCulator */ = {
			isa = PBXNativeTarget;
			buildConfigurationList = C79C2E6D1D4944E0009D5349 /* Build configuration list for PBXNativeTarget "MyCalCulator" */;
			buildPhases = (
				C79C2E571D4944E0009D5349 /* Sources */,
				C79C2E581D4944E0009D5349 /* Frameworks */,
				C79C2E591D4944E0009D5349 /* Resources */,
			);
			buildRules = (
			);
			dependencies = (
			);
			name = MyCalCulator;
			productName = MyCalCulator;
			productReference = C79C2E5B1D4944E0009D5349 /* MyCalCulator.app */;
			productType = "com.apple.product-type.application";
		};
/* End PBXNativeTarget section */

/* Begin PBXProject section */
		C79C2E531D4944E0009D5349 /* Project object */ = {
			isa = PBXProject;
			attributes = {
				LastSwiftUpdateCheck = 0730;
				LastUpgradeCheck = 0730;
				ORGANIZATIONNAME = Confiz;
				TargetAttributes = {
					C79C2E5A1D4944E0009D5349 = {
						CreatedOnToolsVersion = 7.3.1;
					};
				};
			};
			buildConfigurationList = C79C2E561D4944E0009D5349 /* Build configuration list for PBXProject "MyCalCulator" */;
			compatibilityVersion = "Xcode 3.2";
			developmentRegion = English;
			hasScannedForEncodings = 0;
			knownRegions = (
				en,
				Base,
			);
			mainGroup = C79C2E521D4944E0009D5349;
			productRefGroup = C79C2E5C1D4944E0009D5349 /* Products */;
			projectDirPath = "";
			projectRoot = "";
			targets = (
				C79C2E5A1D4944E0009D5349 /* MyCalCulator */,
			);
		};
/* End PBXProject section */

/* Begin PBXResourcesBuildPhase section */
		C79C2E591D4944E0009D5349 /* Resources */ = {
			isa = PBXResourcesBuildPhase;
			buildActionMask = 2147483647;
			files = (
				C79C2E691D4944E0009D5349 /* LaunchScreen.storyboard in Resources */,
				C79C2E661D4944E0009D5349 /* Assets.xcassets in Resources */,
				C79C2E641D4944E0009D5349 /* Main.storyboard in Resources */,
			);
			runOnlyForDeploymentPostprocessing = 0;
		};
/* End PBXResourcesBuildPhase section */

/* Begin PBXSourcesBuildPhase section */
		C79C2E571D4944E0009D5349 /* Sources */ = {
			isa = PBXSourcesBuildPhase;
			buildActionMask = 2147483647;
			files = (
				C7BC777F1D4A986400A099D6 /* CalculatorBrain.swift in Sources */,
				C79C2E611D4944E0009D5349 /* ViewController.swift in Sources */,
				C79C2E5F1D4944E0009D5349 /* AppDelegate.swift in Sources */,
			);
			runOnlyForDeploymentPostprocessing = 0;
		};
/* End PBXSourcesBuildPhase section */

/* Begin PBXVariantGroup section */
		C79C2E621D4944E0009D5349 /* Main.storyboard */ = {
			isa = PBXVariantGroup;
			children = (
				C79C2E631D4944E0009D5349 /* Base */,
			);
			name = Main.storyboard;
			sourceTree = "<group>";
		};
		C79C2E671D4944E0009D5349 /* LaunchScreen.storyboard */ = {
			isa = PBXVariantGroup;
			children = (
				C79C2E681D4944E0009D5349 /* Base */,
			);
			name = LaunchScreen.storyboard;
			sourceTree = "<group>";
		};
/* End PBXVariantGroup section */

/* Begin XCBuildConfiguration section */
		C79C2E6B1D4944E0009D5349 /* Debug */ = {
			isa = XCBuildConfiguration;
			buildSettings = {
				ALWAYS_SEARCH_USER_PATHS = NO;
				CLANG_ANALYZER_NONNULL = YES;
				CLANG_CXX_LANGUAGE_STANDARD = "gnu++0x";
				CLANG_CXX_LIBRARY = "libc++";
				CLANG_ENABLE_MODULES = YES;
				CLANG_ENABLE_OBJC_ARC = YES;
				CLANG_WARN_BOOL_CONVERSION = YES;
				CLANG_WARN_CONSTANT_CONVERSION = YES;
				CLANG_WARN_DIRECT_OBJC_ISA_USAGE = YES_ERROR;
				CLANG_WARN_EMPTY_BODY = YES;
				CLANG_WARN_ENUM_CONVERSION = YES;
				CLANG_WARN_INT_CONVERSION = YES;
				CLANG_WARN_OBJC_ROOT_CLASS = YES_ERROR;
				CLANG_WARN_UNREACHABLE_CODE = YES;
				CLANG_WARN__DUPLICATE_METHOD_MATCH = YES;
				"CODE_SIGN_IDENTITY[sdk=iphoneos*]" = "iPhone Developer";
				COPY_PHASE_STRIP = NO;
				DEBUG_INFORMATION_FORMAT = dwarf;
				ENABLE_STRICT_OBJC_MSGSEND = YES;
				ENABLE_TESTABILITY = YES;
				GCC_C_LANGUAGE_STANDARD = gnu99;
				GCC_DYNAMIC_NO_PIC = NO;
				GCC_NO_COMMON_BLOCKS = YES;
				GCC_OPTIMIZATION_LEVEL = 0;
				GCC_PREPROCESSOR_DEFINITIONS = (
					"DEBUG=1",
					"$(inherited)",
				);
				GCC_WARN_64_TO_32_BIT_CONVERSION = YES;
				GCC_WARN_ABOUT_RETURN_TYPE = YES_ERROR;
				GCC_WARN_UNDECLARED_SELECTOR = YES;
				GCC_WARN_UNINITIALIZED_AUTOS = YES_AGGRESSIVE;
				GCC_WARN_UNUSED_FUNCTION = YES;
				GCC_WARN_UNUSED_VARIABLE = YES;
				IPHONEOS_DEPLOYMENT_TARGET = 9.3;
				MTL_ENABLE_DEBUG_INFO = YES;
				ONLY_ACTIVE_ARCH = YES;
				SDKROOT = iphoneos;
				SWIFT_OPTIMIZATION_LEVEL = "-Onone";
				TARGETED_DEVICE_FAMILY = "1,2";
			};
			name = Debug;
		};
		C79C2E6C1D4944E0009D5349 /* Release */ = {
			isa = XCBuildConfiguration;
			buildSettings = {
				ALWAYS_SEARCH_USER_PATHS = NO;
				CLANG_ANALYZER_NONNULL = YES;
				CLANG_CXX_LANGUAGE_STANDARD = "gnu++0x";
				CLANG_CXX_LIBRARY = "libc++";
				CLANG_ENABLE_MODULES = YES;
				CLANG_ENABLE_OBJC_ARC = YES;
				CLANG_WARN_BOOL_CONVERSION = YES;
				CLANG_WARN_CONSTANT_CONVERSION = YES;
				CLANG_WARN_DIRECT_OBJC_ISA_USAGE = YES_ERROR;
				CLANG_WARN_EMPTY_BODY = YES;
				CLANG_WARN_ENUM_CONVERSION = YES;
				CLANG_WARN_INT_CONVERSION = YES;
				CLANG_WARN_OBJC_ROOT_CLASS = YES_ERROR;
				CLANG_WARN_UNREACHABLE_CODE = YES;
				CLANG_WARN__DUPLICATE_METHOD_MATCH = YES;
				"CODE_SIGN_IDENTITY[sdk=iphoneos*]" = "iPhone Developer";
				COPY_PHASE_STRIP = NO;
				DEBUG_INFORMATION_FORMAT = "dwarf-with-dsym";
				ENABLE_NS_ASSERTIONS = NO;
				ENABLE_STRICT_OBJC_MSGSEND = YES;
				GCC_C_LANGUAGE_STANDARD = gnu99;
				GCC_NO_COMMON_BLOCKS = YES;
				GCC_WARN_64_TO_32_BIT_CONVERSION = YES;
				GCC_WARN_ABOUT_RETURN_TYPE = YES_ERROR;
				GCC_WARN_UNDECLARED_SELECTOR = YES;
				GCC_WARN_UNINITIALIZED_AUTOS = YES_AGGRESSIVE;
				GCC_WARN_UNUSED_FUNCTION = YES;
				GCC_WARN_UNUSED_VARIABLE = YES;
				IPHONEOS_DEPLOYMENT_TARGET = 9.3;
				MTL_ENABLE_DEBUG_INFO = NO;
				SDKROOT = iphoneos;
				TARGETED_DEVICE_FAMILY = "1,2";
				VALIDATE_PRODUCT = YES;
			};
			name = Release;
		};
		C79C2E6E1D4944E0009D5349 /* Debug */ = {
			isa = XCBuildConfiguration;
			buildSettings = {
				ASSETCATALOG_COMPILER_APPICON_NAME = AppIcon;
				INFOPLIST_FILE = MyCalCulator/Info.plist;
				IPHONEOS_DEPLOYMENT_TARGET = 9.2;
				LD_RUNPATH_SEARCH_PATHS = "$(inherited) @executable_path/Frameworks";
				PRODUCT_BUNDLE_IDENTIFIER = com.ingenico.test.MyCalCulator;
				PRODUCT_NAME = "$(TARGET_NAME)";
			};
			name = Debug;
		};
		C79C2E6F1D4944E0009D5349 /* Release */ = {
			isa = XCBuildConfiguration;
			buildSettings = {
				ASSETCATALOG_COMPILER_APPICON_NAME = AppIcon;
				INFOPLIST_FILE = MyCalCulator/Info.plist;
				IPHONEOS_DEPLOYMENT_TARGET = 9.2;
				LD_RUNPATH_SEARCH_PATHS = "$(inherited) @executable_path/Frameworks";
				PRODUCT_BUNDLE_IDENTIFIER = com.ingenico.test.MyCalCulator;
				PRODUCT_NAME = "$(TARGET_NAME)";
			};
			name = Release;
		};
/* End XCBuildConfiguration section */

/* Begin XCConfigurationList section */
		C79C2E561D4944E0009D5349 /* Build configuration list for PBXProject "MyCalCulator" */ = {
			isa = XCConfigurationList;
			buildConfigurations = (
				C79C2E6B1D4944E0009D5349 /* Debug */,
				C79C2E6C1D4944E0009D5349 /* Release */,
			);
			defaultConfigurationIsVisible = 0;
			defaultConfigurationName = Release;
		};
		C79C2E6D1D4944E0009D5349 /* Build configuration list for PBXNativeTarget "MyCalCulator" */ = {
			isa = XCConfigurationList;
			buildConfigurations = (
				C79C2E6E1D4944E0009D5349 /* Debug */,
				C79C2E6F1D4944E0009D5349 /* Release */,
			);
			defaultConfigurationIsVisible = 0;
			defaultConfigurationName = Release;
		};
/* End XCConfigurationList section */
	};
	rootObject = C79C2E531D4944E0009D5349 /* Project object */;
}
